// !$*UTF8*$!
{
	archiveVersion = 1;
	classes = {
	};
	objectVersion = 46;
	objects = {

/* Begin PBXBuildFile section */
		8D235D6A1C0C141700083C62 /* AnotherTestViewController.m in Sources */ = {isa = PBXBuildFile; fileRef = 8D235D691C0C141700083C62 /* AnotherTestViewController.m */; };
		8D9996F01C093CAD009DC092 /* main.m in Sources */ = {isa = PBXBuildFile; fileRef = 8D9996EF1C093CAD009DC092 /* main.m */; };
		8D9996F31C093CAD009DC092 /* AppDelegate.m in Sources */ = {isa = PBXBuildFile; fileRef = 8D9996F21C093CAD009DC092 /* AppDelegate.m */; };
		8D9996FB1C093CAD009DC092 /* Assets.xcassets in Resources */ = {isa = PBXBuildFile; fileRef = 8D9996FA1C093CAD009DC092 /* Assets.xcassets */; };
		8D9996FE1C093CAD009DC092 /* LaunchScreen.storyboard in Resources */ = {isa = PBXBuildFile; fileRef = 8D9996FC1C093CAD009DC092 /* LaunchScreen.storyboard */; };
		8D9997091C093CAD009DC092 /* AutolayoutTestTests.m in Sources */ = {isa = PBXBuildFile; fileRef = 8D9997081C093CAD009DC092 /* AutolayoutTestTests.m */; };
		8D9997141C093CAD009DC092 /* AutolayoutTestUITests.m in Sources */ = {isa = PBXBuildFile; fileRef = 8D9997131C093CAD009DC092 /* AutolayoutTestUITests.m */; };
		8D9997231C093D15009DC092 /* TestViewController.m in Sources */ = {isa = PBXBuildFile; fileRef = 8D9997221C093D15009DC092 /* TestViewController.m */; };
/* End PBXBuildFile section */

/* Begin PBXContainerItemProxy section */
		8D9997051C093CAD009DC092 /* PBXContainerItemProxy */ = {
			isa = PBXContainerItemProxy;
			containerPortal = 8D9996E31C093CAD009DC092 /* Project object */;
			proxyType = 1;
			remoteGlobalIDString = 8D9996EA1C093CAD009DC092;
			remoteInfo = AutolayoutTest;
		};
		8D9997101C093CAD009DC092 /* PBXContainerItemProxy */ = {
			isa = PBXContainerItemProxy;
			containerPortal = 8D9996E31C093CAD009DC092 /* Project object */;
			proxyType = 1;
			remoteGlobalIDString = 8D9996EA1C093CAD009DC092;
			remoteInfo = AutolayoutTest;
		};
/* End PBXContainerItemProxy section */

/* Begin PBXFileReference section */
		8D235D681C0C141700083C62 /* AnotherTestViewController.h */ = {isa = PBXFileReference; fileEncoding = 4; lastKnownFileType = sourcecode.c.h; path = AnotherTestViewController.h; sourceTree = "<group>"; };
		8D235D691C0C141700083C62 /* AnotherTestViewController.m */ = {isa = PBXFileReference; fileEncoding = 4; lastKnownFileType = sourcecode.c.objc; path = AnotherTestViewController.m; sourceTree = "<group>"; };
		8D9996EB1C093CAD009DC092 /* AutolayoutTest.app */ = {isa = PBXFileReference; explicitFileType = wrapper.application; includeInIndex = 0; path = AutolayoutTest.app; sourceTree = BUILT_PRODUCTS_DIR; };
		8D9996EF1C093CAD009DC092 /* main.m */ = {isa = PBXFileReference; lastKnownFileType = sourcecode.c.objc; path = main.m; sourceTree = "<group>"; };
		8D9996F11C093CAD009DC092 /* AppDelegate.h */ = {isa = PBXFileReference; lastKnownFileType = sourcecode.c.h; path = AppDelegate.h; sourceTree = "<group>"; };
		8D9996F21C093CAD009DC092 /* AppDelegate.m */ = {isa = PBXFileReference; lastKnownFileType = sourcecode.c.objc; path = AppDelegate.m; sourceTree = "<group>"; };
		8D9996FA1C093CAD009DC092 /* Assets.xcassets */ = {isa = PBXFileReference; lastKnownFileType = folder.assetcatalog; path = Assets.xcassets; sourceTree = "<group>"; };
		8D9996FD1C093CAD009DC092 /* Base */ = {isa = PBXFileReference; lastKnownFileType = file.storyboard; name = Base; path = Base.lproj/LaunchScreen.storyboard; sourceTree = "<group>"; };
		8D9996FF1C093CAD009DC092 /* Info.plist */ = {isa = PBXFileReference; lastKnownFileType = text.plist.xml; path = Info.plist; sourceTree = "<group>"; };
		8D9997041C093CAD009DC092 /* AutolayoutTestTests.xctest */ = {isa = PBXFileReference; explicitFileType = wrapper.cfbundle; includeInIndex = 0; path = AutolayoutTestTests.xctest; sourceTree = BUILT_PRODUCTS_DIR; };
		8D9997081C093CAD009DC092 /* AutolayoutTestTests.m */ = {isa = PBXFileReference; lastKnownFileType = sourcecode.c.objc; path = AutolayoutTestTests.m; sourceTree = "<group>"; };
		8D99970A1C093CAD009DC092 /* Info.plist */ = {isa = PBXFileReference; lastKnownFileType = text.plist.xml; path = Info.plist; sourceTree = "<group>"; };
		8D99970F1C093CAD009DC092 /* AutolayoutTestUITests.xctest */ = {isa = PBXFileReference; explicitFileType = wrapper.cfbundle; includeInIndex = 0; path = AutolayoutTestUITests.xctest; sourceTree = BUILT_PRODUCTS_DIR; };
		8D9997131C093CAD009DC092 /* AutolayoutTestUITests.m */ = {isa = PBXFileReference; lastKnownFileType = sourcecode.c.objc; path = AutolayoutTestUITests.m; sourceTree = "<group>"; };
		8D9997151C093CAD009DC092 /* Info.plist */ = {isa = PBXFileReference; lastKnownFileType = text.plist.xml; path = Info.plist; sourceTree = "<group>"; };
		8D9997211C093D15009DC092 /* TestViewController.h */ = {isa = PBXFileReference; fileEncoding = 4; lastKnownFileType = sourcecode.c.h; path = TestViewController.h; sourceTree = "<group>"; };
		8D9997221C093D15009DC092 /* TestViewController.m */ = {isa = PBXFileReference; fileEncoding = 4; lastKnownFileType = sourcecode.c.objc; path = TestViewController.m; sourceTree = "<group>"; };
/* End PBXFileReference section */

/* Begin PBXFrameworksBuildPhase section */
		8D9996E81C093CAD009DC092 /* Frameworks */ = {
			isa = PBXFrameworksBuildPhase;
			buildActionMask = 2147483647;
			files = (
			);
			runOnlyForDeploymentPostprocessing = 0;
		};
		8D9997011C093CAD009DC092 /* Frameworks */ = {
			isa = PBXFrameworksBuildPhase;
			buildActionMask = 2147483647;
			files = (
			);
			runOnlyForDeploymentPostprocessing = 0;
		};
		8D99970C1C093CAD009DC092 /* Frameworks */ = {
			isa = PBXFrameworksBuildPhase;
			buildActionMask = 2147483647;
			files = (
			);
			runOnlyForDeploymentPostprocessing = 0;
		};
/* End PBXFrameworksBuildPhase section */

/* Begin PBXGroup section */
		8D9996E21C093CAD009DC092 = {
			isa = PBXGroup;
			children = (
				8D9996ED1C093CAD009DC092 /* AutolayoutTest */,
				8D9997071C093CAD009DC092 /* AutolayoutTestTests */,
				8D9997121C093CAD009DC092 /* AutolayoutTestUITests */,
				8D9996EC1C093CAD009DC092 /* Products */,
			);
			sourceTree = "<group>";
		};
		8D9996EC1C093CAD009DC092 /* Products */ = {
			isa = PBXGroup;
			children = (
				8D9996EB1C093CAD009DC092 /* AutolayoutTest.app */,
				8D9997041C093CAD009DC092 /* AutolayoutTestTests.xctest */,
				8D99970F1C093CAD009DC092 /* AutolayoutTestUITests.xctest */,
			);
			name = Products;
			sourceTree = "<group>";
		};
		8D9996ED1C093CAD009DC092 /* AutolayoutTest */ = {
			isa = PBXGroup;
			children = (
				8D9996F11C093CAD009DC092 /* AppDelegate.h */,
				8D9996F21C093CAD009DC092 /* AppDelegate.m */,
				8D9997211C093D15009DC092 /* TestViewController.h */,
				8D9997221C093D15009DC092 /* TestViewController.m */,
				8D235D681C0C141700083C62 /* AnotherTestViewController.h */,
				8D235D691C0C141700083C62 /* AnotherTestViewController.m */,
				8D9996FA1C093CAD009DC092 /* Assets.xcassets */,
				8D9996FC1C093CAD009DC092 /* LaunchScreen.storyboard */,
				8D9996FF1C093CAD009DC092 /* Info.plist */,
				8D9996EE1C093CAD009DC092 /* Supporting Files */,
			);
			path = AutolayoutTest;
			sourceTree = "<group>";
		};
		8D9996EE1C093CAD009DC092 /* Supporting Files */ = {
			isa = PBXGroup;
			children = (
				8D9996EF1C093CAD009DC092 /* main.m */,
			);
			name = "Supporting Files";
			sourceTree = "<group>";
		};
		8D9997071C093CAD009DC092 /* AutolayoutTestTests */ = {
			isa = PBXGroup;
			children = (
				8D9997081C093CAD009DC092 /* AutolayoutTestTests.m */,
				8D99970A1C093CAD009DC092 /* Info.plist */,
			);
			path = AutolayoutTestTests;
			sourceTree = "<group>";
		};
		8D9997121C093CAD009DC092 /* AutolayoutTestUITests */ = {
			isa = PBXGroup;
			children = (
				8D9997131C093CAD009DC092 /* AutolayoutTestUITests.m */,
				8D9997151C093CAD009DC092 /* Info.plist */,
			);
			path = AutolayoutTestUITests;
			sourceTree = "<group>";
		};
/* End PBXGroup section */

/* Begin PBXNativeTarget section */
		8D9996EA1C093CAD009DC092 /* AutolayoutTest */ = {
			isa = PBXNativeTarget;
			buildConfigurationList = 8D9997181C093CAD009DC092 /* Build configuration list for PBXNativeTarget "AutolayoutTest" */;
			buildPhases = (
				8D9996E71C093CAD009DC092 /* Sources */,
				8D9996E81C093CAD009DC092 /* Frameworks */,
				8D9996E91C093CAD009DC092 /* Resources */,
			);
			buildRules = (
			);
			dependencies = (
			);
			name = AutolayoutTest;
			productName = AutolayoutTest;
			productReference = 8D9996EB1C093CAD009DC092 /* AutolayoutTest.app */;
			productType = "com.apple.product-type.application";
		};
		8D9997031C093CAD009DC092 /* AutolayoutTestTests */ = {
			isa = PBXNativeTarget;
			buildConfigurationList = 8D99971B1C093CAD009DC092 /* Build configuration list for PBXNativeTarget "AutolayoutTestTests" */;
			buildPhases = (
				8D9997001C093CAD009DC092 /* Sources */,
				8D9997011C093CAD009DC092 /* Frameworks */,
				8D9997021C093CAD009DC092 /* Resources */,
			);
			buildRules = (
			);
			dependencies = (
				8D9997061C093CAD009DC092 /* PBXTargetDependency */,
			);
			name = AutolayoutTestTests;
			productName = AutolayoutTestTests;
			productReference = 8D9997041C093CAD009DC092 /* AutolayoutTestTests.xctest */;
			productType = "com.apple.product-type.bundle.unit-test";
		};
		8D99970E1C093CAD009DC092 /* AutolayoutTestUITests */ = {
			isa = PBXNativeTarget;
			buildConfigurationList = 8D99971E1C093CAD009DC092 /* Build configuration list for PBXNativeTarget "AutolayoutTestUITests" */;
			buildPhases = (
				8D99970B1C093CAD009DC092 /* Sources */,
				8D99970C1C093CAD009DC092 /* Frameworks */,
				8D99970D1C093CAD009DC092 /* Resources */,
			);
			buildRules = (
			);
			dependencies = (
				8D9997111C093CAD009DC092 /* PBXTargetDependency */,
			);
			name = AutolayoutTestUITests;
			productName = AutolayoutTestUITests;
			productReference = 8D99970F1C093CAD009DC092 /* AutolayoutTestUITests.xctest */;
			productType = "com.apple.product-type.bundle.ui-testing";
		};
/* End PBXNativeTarget section */

/* Begin PBXProject section */
		8D9996E31C093CAD009DC092 /* Project object */ = {
			isa = PBXProject;
			attributes = {
				LastUpgradeCheck = 0710;
				ORGANIZATIONNAME = cai;
				TargetAttributes = {
					8D9996EA1C093CAD009DC092 = {
						CreatedOnToolsVersion = 7.1;
						DevelopmentTeam = 7GSW2BF5U4;
					};
					8D9997031C093CAD009DC092 = {
						CreatedOnToolsVersion = 7.1;
						DevelopmentTeam = 7GSW2BF5U4;
						TestTargetID = 8D9996EA1C093CAD009DC092;
					};
					8D99970E1C093CAD009DC092 = {
						CreatedOnToolsVersion = 7.1;
						DevelopmentTeam = 7GSW2BF5U4;
						TestTargetID = 8D9996EA1C093CAD009DC092;
					};
				};
			};
			buildConfigurationList = 8D9996E61C093CAD009DC092 /* Build configuration list for PBXProject "AutolayoutTest" */;
			compatibilityVersion = "Xcode 3.2";
			developmentRegion = English;
			hasScannedForEncodings = 0;
			knownRegions = (
				en,
				Base,
			);
			mainGroup = 8D9996E21C093CAD009DC092;
			productRefGroup = 8D9996EC1C093CAD009DC092 /* Products */;
			projectDirPath = "";
			projectRoot = "";
			targets = (
				8D9996EA1C093CAD009DC092 /* AutolayoutTest */,
				8D9997031C093CAD009DC092 /* AutolayoutTestTests */,
				8D99970E1C093CAD009DC092 /* AutolayoutTestUITests */,
			);
		};
/* End PBXProject section */

/* Begin PBXResourcesBuildPhase section */
		8D9996E91C093CAD009DC092 /* Resources */ = {
			isa = PBXResourcesBuildPhase;
			buildActionMask = 2147483647;
			files = (
				8D9996FE1C093CAD009DC092 /* LaunchScreen.storyboard in Resources */,
				8D9996FB1C093CAD009DC092 /* Assets.xcassets in Resources */,
			);
			runOnlyForDeploymentPostprocessing = 0;
		};
		8D9997021C093CAD009DC092 /* Resources */ = {
			isa = PBXResourcesBuildPhase;
			buildActionMask = 2147483647;
			files = (
			);
			runOnlyForDeploymentPostprocessing = 0;
		};
		8D99970D1C093CAD009DC092 /* Resources */ = {
			isa = PBXResourcesBuildPhase;
			buildActionMask = 2147483647;
			files = (
			);
			runOnlyForDeploymentPostprocessing = 0;
		};
/* End PBXResourcesBuildPhase section */

/* Begin PBXSourcesBuildPhase section */
		8D9996E71C093CAD009DC092 /* Sources */ = {
			isa = PBXSourcesBuildPhase;
			buildActionMask = 2147483647;
			files = (
				8D9997231C093D15009DC092 /* TestViewController.m in Sources */,
				8D9996F31C093CAD009DC092 /* AppDelegate.m in Sources */,
				8D235D6A1C0C141700083C62 /* AnotherTestViewController.m in Sources */,
				8D9996F01C093CAD009DC092 /* main.m in Sources */,
			);
			runOnlyForDeploymentPostprocessing = 0;
		};
		8D9997001C093CAD009DC092 /* Sources */ = {
			isa = PBXSourcesBuildPhase;
			buildActionMask = 2147483647;
			files = (
				8D9997091C093CAD009DC092 /* AutolayoutTestTests.m in Sources */,
			);
			runOnlyForDeploymentPostprocessing = 0;
		};
		8D99970B1C093CAD009DC092 /* Sources */ = {
			isa = PBXSourcesBuildPhase;
			buildActionMask = 2147483647;
			files = (
				8D9997141C093CAD009DC092 /* AutolayoutTestUITests.m in Sources */,
			);
			runOnlyForDeploymentPostprocessing = 0;
		};
/* End PBXSourcesBuildPhase section */

/* Begin PBXTargetDependency section */
		8D9997061C093CAD009DC092 /* PBXTargetDependency */ = {
			isa = PBXTargetDependency;
			target = 8D9996EA1C093CAD009DC092 /* AutolayoutTest */;
			targetProxy = 8D9997051C093CAD009DC092 /* PBXContainerItemProxy */;
		};
		8D9997111C093CAD009DC092 /* PBXTargetDependency */ = {
			isa = PBXTargetDependency;
			target = 8D9996EA1C093CAD009DC092 /* AutolayoutTest */;
			targetProxy = 8D9997101C093CAD009DC092 /* PBXContainerItemProxy */;
		};
/* End PBXTargetDependency section */

/* Begin PBXVariantGroup section */
		8D9996FC1C093CAD009DC092 /* LaunchScreen.storyboard */ = {
			isa = PBXVariantGroup;
			children = (
				8D9996FD1C093CAD009DC092 /* Base */,
			);
			name = LaunchScreen.storyboard;
			sourceTree = "<group>";
		};
/* End PBXVariantGroup section */

/* Begin XCBuildConfiguration section */
		8D9997161C093CAD009DC092 /* Debug */ = {
			isa = XCBuildConfiguration;
			buildSettings = {
				ALWAYS_SEARCH_USER_PATHS = NO;
				CLANG_CXX_LANGUAGE_STANDARD = "gnu++0x";
				CLANG_CXX_LIBRARY = "libc++";
				CLANG_ENABLE_MODULES = YES;
				CLANG_ENABLE_OBJC_ARC = YES;
				CLANG_WARN_BOOL_CONVERSION = YES;
				CLANG_WARN_CONSTANT_CONVERSION = YES;
				CLANG_WARN_DIRECT_OBJC_ISA_USAGE = YES_ERROR;
				CLANG_WARN_EMPTY_BODY = YES;
				CLANG_WARN_ENUM_CONVERSION = YES;
				CLANG_WARN_INT_CONVERSION = YES;
				CLANG_WARN_OBJC_ROOT_CLASS = YES_ERROR;
				CLANG_WARN_UNREACHABLE_CODE = YES;
				CLANG_WARN__DUPLICATE_METHOD_MATCH = YES;
				"CODE_SIGN_IDENTITY[sdk=iphoneos*]" = "iPhone Developer";
				COPY_PHASE_STRIP = NO;
				DEBUG_INFORMATION_FORMAT = dwarf;
				ENABLE_STRICT_OBJC_MSGSEND = YES;
				ENABLE_TESTABILITY = YES;
				GCC_C_LANGUAGE_STANDARD = gnu99;
				GCC_DYNAMIC_NO_PIC = NO;
				GCC_NO_COMMON_BLOCKS = YES;
				GCC_OPTIMIZATION_LEVEL = 0;
				GCC_PREPROCESSOR_DEFINITIONS = (
					"DEBUG=1",
					"$(inherited)",
				);
				GCC_WARN_64_TO_32_BIT_CONVERSION = YES;
				GCC_WARN_ABOUT_RETURN_TYPE = YES_ERROR;
				GCC_WARN_UNDECLARED_SELECTOR = YES;
				GCC_WARN_UNINITIALIZED_AUTOS = YES_AGGRESSIVE;
				GCC_WARN_UNUSED_FUNCTION = YES;
				GCC_WARN_UNUSED_VARIABLE = YES;
				IPHONEOS_DEPLOYMENT_TARGET = 9.1;
				MTL_ENABLE_DEBUG_INFO = YES;
				ONLY_ACTIVE_ARCH = YES;
				SDKROOT = iphoneos;
			};
			name = Debug;
		};
		8D9997171C093CAD009DC092 /* Release */ = {
			isa = XCBuildConfiguration;
			buildSettings = {
				ALWAYS_SEARCH_USER_PATHS = NO;
				CLANG_CXX_LANGUAGE_STANDARD = "gnu++0x";
				CLANG_CXX_LIBRARY = "libc++";
				CLANG_ENABLE_MODULES = YES;
				CLANG_ENABLE_OBJC_ARC = YES;
				CLANG_WARN_BOOL_CONVERSION = YES;
				CLANG_WARN_CONSTANT_CONVERSION = YES;
				CLANG_WARN_DIRECT_OBJC_ISA_USAGE = YES_ERROR;
				CLANG_WARN_EMPTY_BODY = YES;
				CLANG_WARN_ENUM_CONVERSION = YES;
				CLANG_WARN_INT_CONVERSION = YES;
				CLANG_WARN_OBJC_ROOT_CLASS = YES_ERROR;
				CLANG_WARN_UNREACHABLE_CODE = YES;
				CLANG_WARN__DUPLICATE_METHOD_MATCH = YES;
				"CODE_SIGN_IDENTITY[sdk=iphoneos*]" = "iPhone Developer";
				COPY_PHASE_STRIP = NO;
				DEBUG_INFORMATION_FORMAT = "dwarf-with-dsym";
				ENABLE_NS_ASSERTIONS = NO;
				ENABLE_STRICT_OBJC_MSGSEND = YES;
				GCC_C_LANGUAGE_STANDARD = gnu99;
				GCC_NO_COMMON_BLOCKS = YES;
				GCC_WARN_64_TO_32_BIT_CONVERSION = YES;
				GCC_WARN_ABOUT_RETURN_TYPE = YES_ERROR;
				GCC_WARN_UNDECLARED_SELECTOR = YES;
				GCC_WARN_UNINITIALIZED_AUTOS = YES_AGGRESSIVE;
				GCC_WARN_UNUSED_FUNCTION = YES;
				GCC_WARN_UNUSED_VARIABLE = YES;
				IPHONEOS_DEPLOYMENT_TARGET = 9.1;
				MTL_ENABLE_DEBUG_INFO = NO;
				SDKROOT = iphoneos;
				VALIDATE_PRODUCT = YES;
			};
			name = Release;
		};
		8D9997191C093CAD009DC092 /* Debug */ = {
			isa = XCBuildConfiguration;
			buildSettings = {
				ASSETCATALOG_COMPILER_APPICON_NAME = AppIcon;
				INFOPLIST_FILE = AutolayoutTest/Info.plist;
				LD_RUNPATH_SEARCH_PATHS = "$(inherited) @executable_path/Frameworks";
				PRODUCT_BUNDLE_IDENTIFIER = hgc.AutolayoutTest;
				PRODUCT_NAME = "$(TARGET_NAME)";
			};
			name = Debug;
		};
		8D99971A1C093CAD009DC092 /* Release */ = {
			isa = XCBuildConfiguration;
			buildSettings = {
				ASSETCATALOG_COMPILER_APPICON_NAME = AppIcon;
				INFOPLIST_FILE = AutolayoutTest/Info.plist;
				LD_RUNPATH_SEARCH_PATHS = "$(inherited) @executable_path/Frameworks";
				PRODUCT_BUNDLE_IDENTIFIER = hgc.AutolayoutTest;
				PRODUCT_NAME = "$(TARGET_NAME)";
			};
			name = Release;
		};
		8D99971C1C093CAD009DC092 /* Debug */ = {
			isa = XCBuildConfiguration;
			buildSettings = {
				BUNDLE_LOADER = "$(TEST_HOST)";
				INFOPLIST_FILE = AutolayoutTestTests/Info.plist;
				LD_RUNPATH_SEARCH_PATHS = "$(inherited) @executable_path/Frameworks @loader_path/Frameworks";
				PRODUCT_BUNDLE_IDENTIFIER = hgc.AutolayoutTestTests;
				PRODUCT_NAME = "$(TARGET_NAME)";
				TEST_HOST = "$(BUILT_PRODUCTS_DIR)/AutolayoutTest.app/AutolayoutTest";
			};
			name = Debug;
		};
		8D99971D1C093CAD009DC092 /* Release */ = {
			isa = XCBuildConfiguration;
			buildSettings = {
				BUNDLE_LOADER = "$(TEST_HOST)";
				INFOPLIST_FILE = AutolayoutTestTests/Info.plist;
				LD_RUNPATH_SEARCH_PATHS = "$(inherited) @executable_path/Frameworks @loader_path/Frameworks";
				PRODUCT_BUNDLE_IDENTIFIER = hgc.AutolayoutTestTests;
				PRODUCT_NAME = "$(TARGET_NAME)";
				TEST_HOST = "$(BUILT_PRODUCTS_DIR)/AutolayoutTest.app/AutolayoutTest";
			};
			name = Release;
		};
		8D99971F1C093CAD009DC092 /* Debug */ = {
			isa = XCBuildConfiguration;
			buildSettings = {
				INFOPLIST_FILE = AutolayoutTestUITests/Info.plist;
				LD_RUNPATH_SEARCH_PATHS = "$(inherited) @executable_path/Frameworks @loader_path/Frameworks";
				PRODUCT_BUNDLE_IDENTIFIER = hgc.AutolayoutTestUITests;
				PRODUCT_NAME = "$(TARGET_NAME)";
				TEST_TARGET_NAME = AutolayoutTest;
				USES_XCTRUNNER = YES;
			};
			name = Debug;
		};
		8D9997201C093CAD009DC092 /* Release */ = {
			isa = XCBuildConfiguration;
			buildSettings = {
				INFOPLIST_FILE = AutolayoutTestUITests/Info.plist;
				LD_RUNPATH_SEARCH_PATHS = "$(inherited) @executable_path/Frameworks @loader_path/Frameworks";
				PRODUCT_BUNDLE_IDENTIFIER = hgc.AutolayoutTestUITests;
				PRODUCT_NAME = "$(TARGET_NAME)";
				TEST_TARGET_NAME = AutolayoutTest;
				USES_XCTRUNNER = YES;
			};
			name = Release;
		};
/* End XCBuildConfiguration section */

/* Begin XCConfigurationList section */
		8D9996E61C093CAD009DC092 /* Build configuration list for PBXProject "AutolayoutTest" */ = {
			isa = XCConfigurationList;
			buildConfigurations = (
				8D9997161C093CAD009DC092 /* Debug */,
				8D9997171C093CAD009DC092 /* Release */,
			);
			defaultConfigurationIsVisible = 0;
			defaultConfigurationName = Release;
		};
		8D9997181C093CAD009DC092 /* Build configuration list for PBXNativeTarget "AutolayoutTest" */ = {
			isa = XCConfigurationList;
			buildConfigurations = (
				8D9997191C093CAD009DC092 /* Debug */,
				8D99971A1C093CAD009DC092 /* Release */,
			);
			defaultConfigurationIsVisible = 0;
			defaultConfigurationName = Release;
		};
		8D99971B1C093CAD009DC092 /* Build configuration list for PBXNativeTarget "AutolayoutTestTests" */ = {
			isa = XCConfigurationList;
			buildConfigurations = (
				8D99971C1C093CAD009DC092 /* Debug */,
				8D99971D1C093CAD009DC092 /* Release */,
			);
			defaultConfigurationIsVisible = 0;
			defaultConfigurationName = Release;
		};
		8D99971E1C093CAD009DC092 /* Build configuration list for PBXNativeTarget "AutolayoutTestUITests" */ = {
			isa = XCConfigurationList;
			buildConfigurations = (
				8D99971F1C093CAD009DC092 /* Debug */,
				8D9997201C093CAD009DC092 /* Release */,
			);
			defaultConfigurationIsVisible = 0;
			defaultConfigurationName = Release;
		};
/* End XCConfigurationList section */
	};
	rootObject = 8D9996E31C093CAD009DC092 /* Project object */;
}
